
Microsoft Visual Studio Solution File, Format Version 12.00
# Visual Studio Version 17
VisualStudioVersion = 17.4.33205.214
MinimumVisualStudioVersion = 10.0.40219.1
Project("{9A19103F-16F7-4668-BE54-9A1E7A4F7556}") = "AlphaProjectBudgetApp", "AlphaProjectBudgetApp.csproj", "{D17C13FA-A5BE-4E70-A004-D94767D27E76}"
EndProject
Project("{FAE04EC0-301F-11D3-BF4B-00C04F79EFBC}") = "TestAlphaProjectBudget", "..\TestAlphaProjectBudget\TestAlphaProjectBudget.csproj", "{5A23597A-D9EF-442F-97F7-1B3523759CF1}"
EndProject
Global
	GlobalSection(SolutionConfigurationPlatforms) = preSolution
		Debug|Any CPU = Debug|Any CPU
		Release|Any CPU = Release|Any CPU
	EndGlobalSection
	GlobalSection(ProjectConfigurationPlatforms) = postSolution
		{D17C13FA-A5BE-4E70-A004-D94767D27E76}.Debug|Any CPU.ActiveCfg = Debug|Any CPU
		{D17C13FA-A5BE-4E70-A004-D94767D27E76}.Debug|Any CPU.Build.0 = Debug|Any CPU
		{D17C13FA-A5BE-4E70-A004-D94767D27E76}.Release|Any CPU.ActiveCfg = Release|Any CPU
		{D17C13FA-A5BE-4E70-A004-D94767D27E76}.Release|Any CPU.Build.0 = Release|Any CPU
		{5A23597A-D9EF-442F-97F7-1B3523759CF1}.Debug|Any CPU.ActiveCfg = Debug|Any CPU
		{5A23597A-D9EF-442F-97F7-1B3523759CF1}.Debug|Any CPU.Build.0 = Debug|Any CPU
		{5A23597A-D9EF-442F-97F7-1B3523759CF1}.Release|Any CPU.ActiveCfg = Release|Any CPU
		{5A23597A-D9EF-442F-97F7-1B3523759CF1}.Release|Any CPU.Build.0 = Release|Any CPU
	EndGlobalSection
	GlobalSection(SolutionProperties) = preSolution
		HideSolutionNode = FALSE
	EndGlobalSection
	GlobalSection(ExtensibilityGlobals) = postSolution
		SolutionGuid = {0844544D-5066-4675-B105-8D7D85F0179D}
	EndGlobalSection
EndGlobal
